
Microsoft Visual Studio Solution File, Format Version 12.00
# Visual Studio 14
VisualStudioVersion = 14.0.23107.0
MinimumVisualStudioVersion = 14.0.23107.0
Project("{2150E333-8FDC-42A3-9474-1A3956D46DE8}") = "BallsOfSteel", "BallsOfSteel", "{E0D70C19-3217-42A3-9446-2590906C080D}"
	ProjectSection(SiliconStudioPackage) = preProject
		BallsOfSteel/BallsOfSteel.xkpkg = BallsOfSteel/BallsOfSteel.xkpkg
	EndProjectSection
EndProject
Project("{FAE04EC0-301F-11D3-BF4B-00C04F79EFBC}") = "BallsOfSteel.Windows", "BallsOfSteel\BallsOfSteel.Windows\BallsOfSteel.Windows.csproj", "{73B2B9E7-D1D3-41BD-9986-7B928AD22ECE}"
EndProject
Project("{FAE04EC0-301F-11D3-BF4B-00C04F79EFBC}") = "BallsOfSteel.Game", "BallsOfSteel\BallsOfSteel.Game\BallsOfSteel.Game.csproj", "{C3C27FA6-A683-4E8F-AEEA-E7CFD3735922}"
EndProject
Project("{FAE04EC0-301F-11D3-BF4B-00C04F79EFBC}") = "BallsOfSteel.Android", "BallsOfSteel\BallsOfSteel.Android\BallsOfSteel.Android.csproj", "{CF83A876-F4A1-49AA-BE70-3AAF8F718705}"
EndProject
Global
	GlobalSection(SolutionConfigurationPlatforms) = preSolution
		AppStore|Android = AppStore|Android
		AppStore|Any CPU = AppStore|Any CPU
		AppStore|Mixed Platforms = AppStore|Mixed Platforms
		AppStore|Windows = AppStore|Windows
		CoreCLR_Debug|Android = CoreCLR_Debug|Android
		CoreCLR_Debug|Any CPU = CoreCLR_Debug|Any CPU
		CoreCLR_Debug|Mixed Platforms = CoreCLR_Debug|Mixed Platforms
		CoreCLR_Debug|Windows = CoreCLR_Debug|Windows
		CoreCLR_Release|Android = CoreCLR_Release|Android
		CoreCLR_Release|Any CPU = CoreCLR_Release|Any CPU
		CoreCLR_Release|Mixed Platforms = CoreCLR_Release|Mixed Platforms
		CoreCLR_Release|Windows = CoreCLR_Release|Windows
		Debug|Android = Debug|Android
		Debug|Any CPU = Debug|Any CPU
		Debug|Mixed Platforms = Debug|Mixed Platforms
		Debug|Windows = Debug|Windows
		Release|Android = Release|Android
		Release|Any CPU = Release|Any CPU
		Release|Mixed Platforms = Release|Mixed Platforms
		Release|Windows = Release|Windows
		Testing|Android = Testing|Android
		Testing|Any CPU = Testing|Any CPU
		Testing|Mixed Platforms = Testing|Mixed Platforms
		Testing|Windows = Testing|Windows
	EndGlobalSection
	GlobalSection(ProjectConfigurationPlatforms) = postSolution
		{73B2B9E7-D1D3-41BD-9986-7B928AD22ECE}.AppStore|Android.ActiveCfg = AppStore|Any CPU
		{73B2B9E7-D1D3-41BD-9986-7B928AD22ECE}.AppStore|Any CPU.ActiveCfg = AppStore|Any CPU
		{73B2B9E7-D1D3-41BD-9986-7B928AD22ECE}.AppStore|Any CPU.Build.0 = AppStore|Any CPU
		{73B2B9E7-D1D3-41BD-9986-7B928AD22ECE}.AppStore|Any CPU.Deploy.0 = AppStore|Any CPU
		{73B2B9E7-D1D3-41BD-9986-7B928AD22ECE}.AppStore|Mixed Platforms.ActiveCfg = AppStore|Any CPU
		{73B2B9E7-D1D3-41BD-9986-7B928AD22ECE}.AppStore|Mixed Platforms.Build.0 = AppStore|Any CPU
		{73B2B9E7-D1D3-41BD-9986-7B928AD22ECE}.AppStore|Mixed Platforms.Deploy.0 = AppStore|Any CPU
		{73B2B9E7-D1D3-41BD-9986-7B928AD22ECE}.AppStore|Windows.ActiveCfg = AppStore|Any CPU
		{73B2B9E7-D1D3-41BD-9986-7B928AD22ECE}.AppStore|Windows.Build.0 = AppStore|Any CPU
		{73B2B9E7-D1D3-41BD-9986-7B928AD22ECE}.AppStore|Windows.Deploy.0 = AppStore|Any CPU
		{73B2B9E7-D1D3-41BD-9986-7B928AD22ECE}.CoreCLR_Debug|Android.ActiveCfg = CoreCLR_Debug|Any CPU
		{73B2B9E7-D1D3-41BD-9986-7B928AD22ECE}.CoreCLR_Debug|Any CPU.ActiveCfg = CoreCLR_Debug|Any CPU
		{73B2B9E7-D1D3-41BD-9986-7B928AD22ECE}.CoreCLR_Debug|Any CPU.Build.0 = CoreCLR_Debug|Any CPU
		{73B2B9E7-D1D3-41BD-9986-7B928AD22ECE}.CoreCLR_Debug|Any CPU.Deploy.0 = CoreCLR_Debug|Any CPU
		{73B2B9E7-D1D3-41BD-9986-7B928AD22ECE}.CoreCLR_Debug|Mixed Platforms.ActiveCfg = CoreCLR_Debug|Any CPU
		{73B2B9E7-D1D3-41BD-9986-7B928AD22ECE}.CoreCLR_Debug|Mixed Platforms.Build.0 = CoreCLR_Debug|Any CPU
		{73B2B9E7-D1D3-41BD-9986-7B928AD22ECE}.CoreCLR_Debug|Mixed Platforms.Deploy.0 = CoreCLR_Debug|Any CPU
		{73B2B9E7-D1D3-41BD-9986-7B928AD22ECE}.CoreCLR_Debug|Windows.ActiveCfg = CoreCLR_Debug|Any CPU
		{73B2B9E7-D1D3-41BD-9986-7B928AD22ECE}.CoreCLR_Debug|Windows.Build.0 = CoreCLR_Debug|Any CPU
		{73B2B9E7-D1D3-41BD-9986-7B928AD22ECE}.CoreCLR_Debug|Windows.Deploy.0 = CoreCLR_Debug|Any CPU
		{73B2B9E7-D1D3-41BD-9986-7B928AD22ECE}.CoreCLR_Release|Android.ActiveCfg = CoreCLR_Release|Any CPU
		{73B2B9E7-D1D3-41BD-9986-7B928AD22ECE}.CoreCLR_Release|Any CPU.ActiveCfg = CoreCLR_Release|Any CPU
		{73B2B9E7-D1D3-41BD-9986-7B928AD22ECE}.CoreCLR_Release|Any CPU.Build.0 = CoreCLR_Release|Any CPU
		{73B2B9E7-D1D3-41BD-9986-7B928AD22ECE}.CoreCLR_Release|Any CPU.Deploy.0 = CoreCLR_Release|Any CPU
		{73B2B9E7-D1D3-41BD-9986-7B928AD22ECE}.CoreCLR_Release|Mixed Platforms.ActiveCfg = CoreCLR_Release|Any CPU
		{73B2B9E7-D1D3-41BD-9986-7B928AD22ECE}.CoreCLR_Release|Mixed Platforms.Build.0 = CoreCLR_Release|Any CPU
		{73B2B9E7-D1D3-41BD-9986-7B928AD22ECE}.CoreCLR_Release|Mixed Platforms.Deploy.0 = CoreCLR_Release|Any CPU
		{73B2B9E7-D1D3-41BD-9986-7B928AD22ECE}.CoreCLR_Release|Windows.ActiveCfg = CoreCLR_Release|Any CPU
		{73B2B9E7-D1D3-41BD-9986-7B928AD22ECE}.CoreCLR_Release|Windows.Build.0 = CoreCLR_Release|Any CPU
		{73B2B9E7-D1D3-41BD-9986-7B928AD22ECE}.CoreCLR_Release|Windows.Deploy.0 = CoreCLR_Release|Any CPU
		{73B2B9E7-D1D3-41BD-9986-7B928AD22ECE}.Debug|Android.ActiveCfg = Debug|Any CPU
		{73B2B9E7-D1D3-41BD-9986-7B928AD22ECE}.Debug|Any CPU.ActiveCfg = Debug|Any CPU
		{73B2B9E7-D1D3-41BD-9986-7B928AD22ECE}.Debug|Any CPU.Build.0 = Debug|Any CPU
		{73B2B9E7-D1D3-41BD-9986-7B928AD22ECE}.Debug|Any CPU.Deploy.0 = Debug|Any CPU
		{73B2B9E7-D1D3-41BD-9986-7B928AD22ECE}.Debug|Mixed Platforms.ActiveCfg = Debug|Any CPU
		{73B2B9E7-D1D3-41BD-9986-7B928AD22ECE}.Debug|Mixed Platforms.Build.0 = Debug|Any CPU
		{73B2B9E7-D1D3-41BD-9986-7B928AD22ECE}.Debug|Mixed Platforms.Deploy.0 = Debug|Any CPU
		{73B2B9E7-D1D3-41BD-9986-7B928AD22ECE}.Debug|Windows.ActiveCfg = Debug|Any CPU
		{73B2B9E7-D1D3-41BD-9986-7B928AD22ECE}.Debug|Windows.Build.0 = Debug|Any CPU
		{73B2B9E7-D1D3-41BD-9986-7B928AD22ECE}.Debug|Windows.Deploy.0 = Debug|Any CPU
		{73B2B9E7-D1D3-41BD-9986-7B928AD22ECE}.Release|Android.ActiveCfg = Release|Any CPU
		{73B2B9E7-D1D3-41BD-9986-7B928AD22ECE}.Release|Any CPU.ActiveCfg = Release|Any CPU
		{73B2B9E7-D1D3-41BD-9986-7B928AD22ECE}.Release|Any CPU.Build.0 = Release|Any CPU
		{73B2B9E7-D1D3-41BD-9986-7B928AD22ECE}.Release|Any CPU.Deploy.0 = Release|Any CPU
		{73B2B9E7-D1D3-41BD-9986-7B928AD22ECE}.Release|Mixed Platforms.ActiveCfg = Release|Any CPU
		{73B2B9E7-D1D3-41BD-9986-7B928AD22ECE}.Release|Mixed Platforms.Build.0 = Release|Any CPU
		{73B2B9E7-D1D3-41BD-9986-7B928AD22ECE}.Release|Mixed Platforms.Deploy.0 = Release|Any CPU
		{73B2B9E7-D1D3-41BD-9986-7B928AD22ECE}.Release|Windows.ActiveCfg = Release|Any CPU
		{73B2B9E7-D1D3-41BD-9986-7B928AD22ECE}.Release|Windows.Build.0 = Release|Any CPU
		{73B2B9E7-D1D3-41BD-9986-7B928AD22ECE}.Release|Windows.Deploy.0 = Release|Any CPU
		{73B2B9E7-D1D3-41BD-9986-7B928AD22ECE}.Testing|Android.ActiveCfg = Testing|Any CPU
		{73B2B9E7-D1D3-41BD-9986-7B928AD22ECE}.Testing|Any CPU.ActiveCfg = Testing|Any CPU
		{73B2B9E7-D1D3-41BD-9986-7B928AD22ECE}.Testing|Any CPU.Build.0 = Testing|Any CPU
		{73B2B9E7-D1D3-41BD-9986-7B928AD22ECE}.Testing|Any CPU.Deploy.0 = Testing|Any CPU
		{73B2B9E7-D1D3-41BD-9986-7B928AD22ECE}.Testing|Mixed Platforms.ActiveCfg = Testing|Any CPU
		{73B2B9E7-D1D3-41BD-9986-7B928AD22ECE}.Testing|Mixed Platforms.Build.0 = Testing|Any CPU
		{73B2B9E7-D1D3-41BD-9986-7B928AD22ECE}.Testing|Mixed Platforms.Deploy.0 = Testing|Any CPU
		{73B2B9E7-D1D3-41BD-9986-7B928AD22ECE}.Testing|Windows.ActiveCfg = Testing|Any CPU
		{73B2B9E7-D1D3-41BD-9986-7B928AD22ECE}.Testing|Windows.Build.0 = Testing|Any CPU
		{73B2B9E7-D1D3-41BD-9986-7B928AD22ECE}.Testing|Windows.Deploy.0 = Testing|Any CPU
		{C3C27FA6-A683-4E8F-AEEA-E7CFD3735922}.AppStore|Android.ActiveCfg = AppStore|Android
		{C3C27FA6-A683-4E8F-AEEA-E7CFD3735922}.AppStore|Android.Build.0 = AppStore|Android
		{C3C27FA6-A683-4E8F-AEEA-E7CFD3735922}.AppStore|Any CPU.ActiveCfg = AppStore|Any CPU
		{C3C27FA6-A683-4E8F-AEEA-E7CFD3735922}.AppStore|Any CPU.Build.0 = AppStore|Any CPU
		{C3C27FA6-A683-4E8F-AEEA-E7CFD3735922}.AppStore|Mixed Platforms.ActiveCfg = AppStore|Any CPU
		{C3C27FA6-A683-4E8F-AEEA-E7CFD3735922}.AppStore|Mixed Platforms.Build.0 = AppStore|Any CPU
		{C3C27FA6-A683-4E8F-AEEA-E7CFD3735922}.AppStore|Windows.ActiveCfg = AppStore|Any CPU
		{C3C27FA6-A683-4E8F-AEEA-E7CFD3735922}.AppStore|Windows.Build.0 = AppStore|Any CPU
		{C3C27FA6-A683-4E8F-AEEA-E7CFD3735922}.CoreCLR_Debug|Android.ActiveCfg = Debug|Android
		{C3C27FA6-A683-4E8F-AEEA-E7CFD3735922}.CoreCLR_Debug|Any CPU.ActiveCfg = CoreCLR_Debug|Any CPU
		{C3C27FA6-A683-4E8F-AEEA-E7CFD3735922}.CoreCLR_Debug|Any CPU.Build.0 = CoreCLR_Debug|Any CPU
		{C3C27FA6-A683-4E8F-AEEA-E7CFD3735922}.CoreCLR_Debug|Mixed Platforms.ActiveCfg = CoreCLR_Debug|Any CPU
		{C3C27FA6-A683-4E8F-AEEA-E7CFD3735922}.CoreCLR_Debug|Mixed Platforms.Build.0 = CoreCLR_Debug|Any CPU
		{C3C27FA6-A683-4E8F-AEEA-E7CFD3735922}.CoreCLR_Debug|Windows.ActiveCfg = CoreCLR_Debug|Any CPU
		{C3C27FA6-A683-4E8F-AEEA-E7CFD3735922}.CoreCLR_Debug|Windows.Build.0 = CoreCLR_Debug|Any CPU
		{C3C27FA6-A683-4E8F-AEEA-E7CFD3735922}.CoreCLR_Release|Android.ActiveCfg = Debug|Android
		{C3C27FA6-A683-4E8F-AEEA-E7CFD3735922}.CoreCLR_Release|Any CPU.ActiveCfg = CoreCLR_Release|Any CPU
		{C3C27FA6-A683-4E8F-AEEA-E7CFD3735922}.CoreCLR_Release|Any CPU.Build.0 = CoreCLR_Release|Any CPU
		{C3C27FA6-A683-4E8F-AEEA-E7CFD3735922}.CoreCLR_Release|Mixed Platforms.ActiveCfg = CoreCLR_Release|Any CPU
		{C3C27FA6-A683-4E8F-AEEA-E7CFD3735922}.CoreCLR_Release|Mixed Platforms.Build.0 = CoreCLR_Release|Any CPU
		{C3C27FA6-A683-4E8F-AEEA-E7CFD3735922}.CoreCLR_Release|Windows.ActiveCfg = CoreCLR_Release|Any CPU
		{C3C27FA6-A683-4E8F-AEEA-E7CFD3735922}.CoreCLR_Release|Windows.Build.0 = CoreCLR_Release|Any CPU
		{C3C27FA6-A683-4E8F-AEEA-E7CFD3735922}.Debug|Android.ActiveCfg = Debug|Android
		{C3C27FA6-A683-4E8F-AEEA-E7CFD3735922}.Debug|Android.Build.0 = Debug|Android
		{C3C27FA6-A683-4E8F-AEEA-E7CFD3735922}.Debug|Any CPU.ActiveCfg = Debug|Any CPU
		{C3C27FA6-A683-4E8F-AEEA-E7CFD3735922}.Debug|Any CPU.Build.0 = Debug|Any CPU
		{C3C27FA6-A683-4E8F-AEEA-E7CFD3735922}.Debug|Mixed Platforms.ActiveCfg = Debug|Any CPU
		{C3C27FA6-A683-4E8F-AEEA-E7CFD3735922}.Debug|Mixed Platforms.Build.0 = Debug|Any CPU
		{C3C27FA6-A683-4E8F-AEEA-E7CFD3735922}.Debug|Windows.ActiveCfg = Debug|Any CPU
		{C3C27FA6-A683-4E8F-AEEA-E7CFD3735922}.Debug|Windows.Build.0 = Debug|Any CPU
		{C3C27FA6-A683-4E8F-AEEA-E7CFD3735922}.Release|Android.ActiveCfg = Release|Android
		{C3C27FA6-A683-4E8F-AEEA-E7CFD3735922}.Release|Android.Build.0 = Release|Android
		{C3C27FA6-A683-4E8F-AEEA-E7CFD3735922}.Release|Any CPU.ActiveCfg = Release|Any CPU
		{C3C27FA6-A683-4E8F-AEEA-E7CFD3735922}.Release|Any CPU.Build.0 = Release|Any CPU
		{C3C27FA6-A683-4E8F-AEEA-E7CFD3735922}.Release|Mixed Platforms.ActiveCfg = Release|Any CPU
		{C3C27FA6-A683-4E8F-AEEA-E7CFD3735922}.Release|Mixed Platforms.Build.0 = Release|Any CPU
		{C3C27FA6-A683-4E8F-AEEA-E7CFD3735922}.Release|Windows.ActiveCfg = Release|Any CPU
		{C3C27FA6-A683-4E8F-AEEA-E7CFD3735922}.Release|Windows.Build.0 = Release|Any CPU
		{C3C27FA6-A683-4E8F-AEEA-E7CFD3735922}.Testing|Android.ActiveCfg = Testing|Android
		{C3C27FA6-A683-4E8F-AEEA-E7CFD3735922}.Testing|Android.Build.0 = Testing|Android
		{C3C27FA6-A683-4E8F-AEEA-E7CFD3735922}.Testing|Any CPU.ActiveCfg = Testing|Any CPU
		{C3C27FA6-A683-4E8F-AEEA-E7CFD3735922}.Testing|Any CPU.Build.0 = Testing|Any CPU
		{C3C27FA6-A683-4E8F-AEEA-E7CFD3735922}.Testing|Mixed Platforms.ActiveCfg = Testing|Any CPU
		{C3C27FA6-A683-4E8F-AEEA-E7CFD3735922}.Testing|Mixed Platforms.Build.0 = Testing|Any CPU
		{C3C27FA6-A683-4E8F-AEEA-E7CFD3735922}.Testing|Windows.ActiveCfg = Testing|Any CPU
		{C3C27FA6-A683-4E8F-AEEA-E7CFD3735922}.Testing|Windows.Build.0 = Testing|Any CPU
		{CF83A876-F4A1-49AA-BE70-3AAF8F718705}.AppStore|Android.ActiveCfg = AppStore|Android
		{CF83A876-F4A1-49AA-BE70-3AAF8F718705}.AppStore|Android.Build.0 = AppStore|Android
		{CF83A876-F4A1-49AA-BE70-3AAF8F718705}.AppStore|Android.Deploy.0 = AppStore|Android
		{CF83A876-F4A1-49AA-BE70-3AAF8F718705}.AppStore|Any CPU.ActiveCfg = AppStore|Android
		{CF83A876-F4A1-49AA-BE70-3AAF8F718705}.AppStore|Mixed Platforms.ActiveCfg = AppStore|Android
		{CF83A876-F4A1-49AA-BE70-3AAF8F718705}.AppStore|Windows.ActiveCfg = AppStore|Android
		{CF83A876-F4A1-49AA-BE70-3AAF8F718705}.CoreCLR_Debug|Android.ActiveCfg = Debug|Android
		{CF83A876-F4A1-49AA-BE70-3AAF8F718705}.CoreCLR_Debug|Any CPU.ActiveCfg = Debug|Android
		{CF83A876-F4A1-49AA-BE70-3AAF8F718705}.CoreCLR_Debug|Mixed Platforms.ActiveCfg = Debug|Android
		{CF83A876-F4A1-49AA-BE70-3AAF8F718705}.CoreCLR_Debug|Windows.ActiveCfg = Debug|Android
		{CF83A876-F4A1-49AA-BE70-3AAF8F718705}.CoreCLR_Release|Android.ActiveCfg = Debug|Android
		{CF83A876-F4A1-49AA-BE70-3AAF8F718705}.CoreCLR_Release|Any CPU.ActiveCfg = Debug|Android
		{CF83A876-F4A1-49AA-BE70-3AAF8F718705}.CoreCLR_Release|Mixed Platforms.ActiveCfg = Debug|Android
		{CF83A876-F4A1-49AA-BE70-3AAF8F718705}.CoreCLR_Release|Windows.ActiveCfg = Debug|Android
		{CF83A876-F4A1-49AA-BE70-3AAF8F718705}.Debug|Android.ActiveCfg = Debug|Android
		{CF83A876-F4A1-49AA-BE70-3AAF8F718705}.Debug|Android.Build.0 = Debug|Android
		{CF83A876-F4A1-49AA-BE70-3AAF8F718705}.Debug|Android.Deploy.0 = Debug|Android
		{CF83A876-F4A1-49AA-BE70-3AAF8F718705}.Debug|Any CPU.ActiveCfg = Debug|Android
		{CF83A876-F4A1-49AA-BE70-3AAF8F718705}.Debug|Mixed Platforms.ActiveCfg = Debug|Android
		{CF83A876-F4A1-49AA-BE70-3AAF8F718705}.Debug|Windows.ActiveCfg = Debug|Android
		{CF83A876-F4A1-49AA-BE70-3AAF8F718705}.Release|Android.ActiveCfg = Release|Android
		{CF83A876-F4A1-49AA-BE70-3AAF8F718705}.Release|Android.Build.0 = Release|Android
		{CF83A876-F4A1-49AA-BE70-3AAF8F718705}.Release|Android.Deploy.0 = Release|Android
		{CF83A876-F4A1-49AA-BE70-3AAF8F718705}.Release|Any CPU.ActiveCfg = Release|Android
		{CF83A876-F4A1-49AA-BE70-3AAF8F718705}.Release|Mixed Platforms.ActiveCfg = Release|Android
		{CF83A876-F4A1-49AA-BE70-3AAF8F718705}.Release|Windows.ActiveCfg = Release|Android
		{CF83A876-F4A1-49AA-BE70-3AAF8F718705}.Testing|Android.ActiveCfg = Testing|Android
		{CF83A876-F4A1-49AA-BE70-3AAF8F718705}.Testing|Android.Build.0 = Testing|Android
		{CF83A876-F4A1-49AA-BE70-3AAF8F718705}.Testing|Android.Deploy.0 = Testing|Android
		{CF83A876-F4A1-49AA-BE70-3AAF8F718705}.Testing|Any CPU.ActiveCfg = Testing|Android
		{CF83A876-F4A1-49AA-BE70-3AAF8F718705}.Testing|Mixed Platforms.ActiveCfg = Testing|Android
		{CF83A876-F4A1-49AA-BE70-3AAF8F718705}.Testing|Windows.ActiveCfg = Testing|Android
	EndGlobalSection
	GlobalSection(NestedProjects) = preSolution
		{73B2B9E7-D1D3-41BD-9986-7B928AD22ECE} = {E0D70C19-3217-42A3-9446-2590906C080D}
		{C3C27FA6-A683-4E8F-AEEA-E7CFD3735922} = {E0D70C19-3217-42A3-9446-2590906C080D}
		{CF83A876-F4A1-49AA-BE70-3AAF8F718705} = {E0D70C19-3217-42A3-9446-2590906C080D}
	EndGlobalSection
EndGlobal
